
Microsoft Visual Studio Solution File, Format Version 12.00
# Visual Studio Version 16
VisualStudioVersion = 16.0.34301.259
MinimumVisualStudioVersion = 10.0.40219.1
Project("{888888A0-9F3D-457C-B088-3A5042F75D52}") = "pong", "snake\pong.pyproj", "{940FB574-B6B2-4568-8F92-69CEC0BA3471}"
EndProject
Global
	GlobalSection(SolutionConfigurationPlatforms) = preSolution
		Debug|Any CPU = Debug|Any CPU
		Release|Any CPU = Release|Any CPU
	EndGlobalSection
	GlobalSection(ProjectConfigurationPlatforms) = postSolution
		{940FB574-B6B2-4568-8F92-69CEC0BA3471}.Debug|Any CPU.ActiveCfg = Debug|Any CPU
		{940FB574-B6B2-4568-8F92-69CEC0BA3471}.Release|Any CPU.ActiveCfg = Release|Any CPU
	EndGlobalSection
	GlobalSection(SolutionProperties) = preSolution
		HideSolutionNode = FALSE
	EndGlobalSection
	GlobalSection(ExtensibilityGlobals) = postSolution
		SolutionGuid = {E705F65A-1919-454C-A4D6-C648580807A6}
	EndGlobalSection
EndGlobal
